
Microsoft Visual Studio Solution File, Format Version 12.00
# Visual Studio 15
VisualStudioVersion = 15.0.28010.2003
MinimumVisualStudioVersion = 10.0.40219.1
Project("{FAE04EC0-301F-11D3-BF4B-00C04F79EFBC}") = "chessGraphics", "chessGraphics.csproj", "{E78FEB68-FB29-42FD-B780-FFF1D04E7AAD}"
EndProject
Global
	GlobalSection(SolutionConfigurationPlatforms) = preSolution
		Debug|Any CPU = Debug|Any CPU
		Release|Any CPU = Release|Any CPU
	EndGlobalSection
	GlobalSection(ProjectConfigurationPlatforms) = postSolution
		{E78FEB68-FB29-42FD-B780-FFF1D04E7AAD}.Debug|Any CPU.ActiveCfg = Debug|Any CPU
		{E78FEB68-FB29-42FD-B780-FFF1D04E7AAD}.Debug|Any CPU.Build.0 = Debug|Any CPU
		{E78FEB68-FB29-42FD-B780-FFF1D04E7AAD}.Release|Any CPU.ActiveCfg = Release|Any CPU
		{E78FEB68-FB29-42FD-B780-FFF1D04E7AAD}.Release|Any CPU.Build.0 = Release|Any CPU
	EndGlobalSection
	GlobalSection(SolutionProperties) = preSolution
		HideSolutionNode = FALSE
	EndGlobalSection
	GlobalSection(ExtensibilityGlobals) = postSolution
		SolutionGuid = {59FBB7BA-73AA-4138-A57A-A9BFA791685D}
	EndGlobalSection
EndGlobal
